
Microsoft Visual Studio Solution File, Format Version 12.00
# Visual Studio 15
VisualStudioVersion = 15.0.28010.2036
MinimumVisualStudioVersion = 10.0.40219.1
Project("{FAE04EC0-301F-11D3-BF4B-00C04F79EFBC}") = "MVCMusicStoreApplication", "MVCMusicStoreApplication\MVCMusicStoreApplication.csproj", "{A46480E1-8C7B-4A47-A6F8-31B247F4E867}"
EndProject
Project("{FAE04EC0-301F-11D3-BF4B-00C04F79EFBC}") = "MVCMusicStoreApplication.Tests", "MVCMusicStoreApplication.Tests\MVCMusicStoreApplication.Tests.csproj", "{76DE0252-8C42-4A44-84C9-8985744F8EF6}"
EndProject
Global
	GlobalSection(SolutionConfigurationPlatforms) = preSolution
		Debug|Any CPU = Debug|Any CPU
		Release|Any CPU = Release|Any CPU
	EndGlobalSection
	GlobalSection(ProjectConfigurationPlatforms) = postSolution
		{A46480E1-8C7B-4A47-A6F8-31B247F4E867}.Debug|Any CPU.ActiveCfg = Debug|Any CPU
		{A46480E1-8C7B-4A47-A6F8-31B247F4E867}.Debug|Any CPU.Build.0 = Debug|Any CPU
		{A46480E1-8C7B-4A47-A6F8-31B247F4E867}.Release|Any CPU.ActiveCfg = Release|Any CPU
		{A46480E1-8C7B-4A47-A6F8-31B247F4E867}.Release|Any CPU.Build.0 = Release|Any CPU
		{76DE0252-8C42-4A44-84C9-8985744F8EF6}.Debug|Any CPU.ActiveCfg = Debug|Any CPU
		{76DE0252-8C42-4A44-84C9-8985744F8EF6}.Debug|Any CPU.Build.0 = Debug|Any CPU
		{76DE0252-8C42-4A44-84C9-8985744F8EF6}.Release|Any CPU.ActiveCfg = Release|Any CPU
		{76DE0252-8C42-4A44-84C9-8985744F8EF6}.Release|Any CPU.Build.0 = Release|Any CPU
	EndGlobalSection
	GlobalSection(SolutionProperties) = preSolution
		HideSolutionNode = FALSE
	EndGlobalSection
	GlobalSection(ExtensibilityGlobals) = postSolution
		SolutionGuid = {7D4D9111-AE39-4123-88CF-6B13E0D63934}
	EndGlobalSection
EndGlobal
